{
    "name": "commit-webtests",
    "version": "0.0.0",
    "lockfileVersion": 3,
    "requires": true,
    "packages": {
        "": {
            "name": "commit-webtests",
            "version": "0.0.0",
            "devDependencies": {
                "vite": "^5.0.12"
            }
        },
        "node_modules/@esbuild/darwin-x64": {
            "version": "0.19.11",
            "resolved": "https://registry.npmjs.org/@esbuild/darwin-x64/-/darwin-x64-0.19.11.tgz",
            "integrity": "sha512-fkFUiS6IUK9WYUO/+22omwetaSNl5/A8giXvQlcinLIjVkxwTLSktbF5f/kJMftM2MJp9+fXqZ5ezS7+SALp4g==",
            "cpu": [
                "x64"
            ],
            "dev": true,
            "optional": true,
            "os": [
                "darwin"
            ],
            "engines": {
                "node": ">=12"
            }
        },
        "node_modules/@rollup/rollup-darwin-x64": {
            "version": "4.9.6",
            "resolved": "https://registry.npmjs.org/@rollup/rollup-darwin-x64/-/rollup-darwin-x64-4.9.6.tgz",
            "integrity": "sha512-zRDtdJuRvA1dc9Mp6BWYqAsU5oeLixdfUvkTHuiYOHwqYuQ4YgSmi6+/lPvSsqc/I0Omw3DdICx4Tfacdzmhog==",
            "cpu": [
                "x64"
            ],
            "dev": true,
            "optional": true,
            "os": [
                "darwin"
            ]
        },
        "node_modules/@types/estree": {
            "version": "1.0.5",
            "resolved": "https://registry.npmjs.org/@types/estree/-/estree-1.0.5.tgz",
            "integrity": "sha512-/kYRxGDLWzHOB7q+wtSUQlFrtcdUccpfy+X+9iMBpHK8QLLhx2wIPYuS5DYtR9Wa/YlZAbIovy7qVdB1Aq6Lyw==",
            "dev": true
        },
        "node_modules/esbuild": {
            "version": "0.19.11",
            "resolved": "https://registry.npmjs.org/esbuild/-/esbuild-0.19.11.tgz",
            "integrity": "sha512-HJ96Hev2hX/6i5cDVwcqiJBBtuo9+FeIJOtZ9W1kA5M6AMJRHUZlpYZ1/SbEwtO0ioNAW8rUooVpC/WehY2SfA==",
            "dev": true,
            "hasInstallScript": true,
            "bin": {
                "esbuild": "bin/esbuild"
            },
            "engines": {
                "node": ">=12"
            },
            "optionalDependencies": {
                "@esbuild/aix-ppc64": "0.19.11",
                "@esbuild/android-arm": "0.19.11",
                "@esbuild/android-arm64": "0.19.11",
                "@esbuild/android-x64": "0.19.11",
                "@esbuild/darwin-arm64": "0.19.11",
                "@esbuild/darwin-x64": "0.19.11",
                "@esbuild/freebsd-arm64": "0.19.11",
                "@esbuild/freebsd-x64": "0.19.11",
                "@esbuild/linux-arm": "0.19.11",
                "@esbuild/linux-arm64": "0.19.11",
                "@esbuild/linux-ia32": "0.19.11",
                "@esbuild/linux-loong64": "0.19.11",
                "@esbuild/linux-mips64el": "0.19.11",
                "@esbuild/linux-ppc64": "0.19.11",
                "@esbuild/linux-riscv64": "0.19.11",
                "@esbuild/linux-s390x": "0.19.11",
                "@esbuild/linux-x64": "0.19.11",
                "@esbuild/netbsd-x64": "0.19.11",
                "@esbuild/openbsd-x64": "0.19.11",
                "@esbuild/sunos-x64": "0.19.11",
                "@esbuild/win32-arm64": "0.19.11",
                "@esbuild/win32-ia32": "0.19.11",
                "@esbuild/win32-x64": "0.19.11"
            }
        },
        "node_modules/fsevents": {
            "version": "2.3.3",
            "resolved": "https://registry.npmjs.org/fsevents/-/fsevents-2.3.3.tgz",
            "integrity": "sha512-5xoDfX+fL7faATnagmWPpbFtwh/R77WmMMqqHGS65C3vvB0YHrgF+B1YmZ3441tMj5n63k0212XNoJwzlhffQw==",
            "dev": true,
            "hasInstallScript": true,
            "optional": true,
            "os": [
                "darwin"
            ],
            "engines": {
                "node": "^8.16.0 || ^10.6.0 || >=11.0.0"
            }
        },
        "node_modules/nanoid": {
            "version": "3.3.7",
            "resolved": "https://registry.npmjs.org/nanoid/-/nanoid-3.3.7.tgz",
            "integrity": "sha512-eSRppjcPIatRIMC1U6UngP8XFcz8MQWGQdt1MTBQ7NaAmvXDfvNxbvWV3x2y6CdEUciCSsDHDQZbhYaB8QEo2g==",
            "dev": true,
            "funding": [
                {
                    "type": "github",
                    "url": "https://github.com/sponsors/ai"
                }
            ],
            "bin": {
                "nanoid": "bin/nanoid.cjs"
            },
            "engines": {
                "node": "^10 || ^12 || ^13.7 || ^14 || >=15.0.1"
            }
        },
        "node_modules/picocolors": {
            "version": "1.0.0",
            "resolved": "https://registry.npmjs.org/picocolors/-/picocolors-1.0.0.tgz",
            "integrity": "sha512-1fygroTLlHu66zi26VoTDv8yRgm0Fccecssto+MhsZ0D/DGW2sm8E8AjW7NU5VVTRt5GxbeZ5qBuJr+HyLYkjQ==",
            "dev": true
        },
        "node_modules/postcss": {
            "version": "8.4.33",
            "resolved": "https://registry.npmjs.org/postcss/-/postcss-8.4.33.tgz",
            "integrity": "sha512-Kkpbhhdjw2qQs2O2DGX+8m5OVqEcbB9HRBvuYM9pgrjEFUg30A9LmXNlTAUj4S9kgtGyrMbTzVjH7E+s5Re2yg==",
            "dev": true,
            "funding": [
                {
                    "type": "opencollective",
                    "url": "https://opencollective.com/postcss/"
                },
                {
                    "type": "tidelift",
                    "url": "https://tidelift.com/funding/github/npm/postcss"
                },
                {
                    "type": "github",
                    "url": "https://github.com/sponsors/ai"
                }
            ],
            "dependencies": {
                "nanoid": "^3.3.7",
                "picocolors": "^1.0.0",
                "source-map-js": "^1.0.2"
            },
            "engines": {
                "node": "^10 || ^12 || >=14"
            }
        },
        "node_modules/rollup": {
            "version": "4.9.6",
            "resolved": "https://registry.npmjs.org/rollup/-/rollup-4.9.6.tgz",
            "integrity": "sha512-05lzkCS2uASX0CiLFybYfVkwNbKZG5NFQ6Go0VWyogFTXXbR039UVsegViTntkk4OglHBdF54ccApXRRuXRbsg==",
            "dev": true,
            "dependencies": {
                "@types/estree": "1.0.5"
            },
            "bin": {
                "rollup": "dist/bin/rollup"
            },
            "engines": {
                "node": ">=18.0.0",
                "npm": ">=8.0.0"
            },
            "optionalDependencies": {
                "@rollup/rollup-android-arm-eabi": "4.9.6",
                "@rollup/rollup-android-arm64": "4.9.6",
                "@rollup/rollup-darwin-arm64": "4.9.6",
                "@rollup/rollup-darwin-x64": "4.9.6",
                "@rollup/rollup-linux-arm-gnueabihf": "4.9.6",
                "@rollup/rollup-linux-arm64-gnu": "4.9.6",
                "@rollup/rollup-linux-arm64-musl": "4.9.6",
                "@rollup/rollup-linux-riscv64-gnu": "4.9.6",
                "@rollup/rollup-linux-x64-gnu": "4.9.6",
                "@rollup/rollup-linux-x64-musl": "4.9.6",
                "@rollup/rollup-win32-arm64-msvc": "4.9.6",
                "@rollup/rollup-win32-ia32-msvc": "4.9.6",
                "@rollup/rollup-win32-x64-msvc": "4.9.6",
                "fsevents": "~2.3.2"
            }
        },
        "node_modules/source-map-js": {
            "version": "1.0.2",
            "resolved": "https://registry.npmjs.org/source-map-js/-/source-map-js-1.0.2.tgz",
            "integrity": "sha512-R0XvVJ9WusLiqTCEiGCmICCMplcCkIwwR11mOSD9CR5u+IXYdiseeEuXCVAjS54zqwkLcPNnmU4OeJ6tUrWhDw==",
            "dev": true,
            "engines": {
                "node": ">=0.10.0"
            }
        },
        "node_modules/vite": {
            "version": "5.0.12",
            "resolved": "https://registry.npmjs.org/vite/-/vite-5.0.12.tgz",
            "integrity": "sha512-4hsnEkG3q0N4Tzf1+t6NdN9dg/L3BM+q8SWgbSPnJvrgH2kgdyzfVJwbR1ic69/4uMJJ/3dqDZZE5/WwqW8U1w==",
            "dev": true,
            "dependencies": {
                "esbuild": "^0.19.3",
                "postcss": "^8.4.32",
                "rollup": "^4.2.0"
            },
            "bin": {
                "vite": "bin/vite.js"
            },
            "engines": {
                "node": "^18.0.0 || >=20.0.0"
            },
            "funding": {
                "url": "https://github.com/vitejs/vite?sponsor=1"
            },
            "optionalDependencies": {
                "fsevents": "~2.3.3"
            },
            "peerDependencies": {
                "@types/node": "^18.0.0 || >=20.0.0",
                "less": "*",
                "lightningcss": "^1.21.0",
                "sass": "*",
                "stylus": "*",
                "sugarss": "*",
                "terser": "^5.4.0"
            },
            "peerDependenciesMeta": {
                "@types/node": {
                    "optional": true
                },
                "less": {
                    "optional": true
                },
                "lightningcss": {
                    "optional": true
                },
                "sass": {
                    "optional": true
                },
                "stylus": {
                    "optional": true
                },
                "sugarss": {
                    "optional": true
                },
                "terser": {
                    "optional": true
                }
            }
        }
    }
}
